
Microsoft Visual Studio Solution File, Format Version 12.00
# Visual Studio Version 17
VisualStudioVersion = 17.0.31912.275
MinimumVisualStudioVersion = 10.0.40219.1
Project("{2150E333-8FDC-42A3-9474-1A3956D46DE8}") = "src", "src", "{39283325-E449-4F83-87E0-2BE3F89D3B75}"
EndProject
Project("{9A19103F-16F7-4668-BE54-9A1E7A4F7556}") = "Day1", "Day1\Day1.csproj", "{6E7378CB-88AC-484F-9697-737A1BA66652}"
EndProject
Project("{9A19103F-16F7-4668-BE54-9A1E7A4F7556}") = "Day2", "Day2\Day2.csproj", "{7053A86D-0264-46DC-A243-5E69864140ED}"
EndProject
Project("{9A19103F-16F7-4668-BE54-9A1E7A4F7556}") = "FileReader", "FileReader\FileReader.csproj", "{76558145-2032-4810-8C08-E17E52C39D26}"
EndProject
Project("{9A19103F-16F7-4668-BE54-9A1E7A4F7556}") = "Day3", "Day3\Day3.csproj", "{3806FF89-9447-4235-BFA7-4282D040B919}"
EndProject
Project("{9A19103F-16F7-4668-BE54-9A1E7A4F7556}") = "Day4", "Day4\Day4.csproj", "{BF13D7AE-0F9D-45AC-B034-A1EFEF6DEAF7}"
EndProject
Project("{9A19103F-16F7-4668-BE54-9A1E7A4F7556}") = "Day5", "Day5\Day5.csproj", "{373C8162-64F8-4E50-A48E-46D54C3C3CBC}"
EndProject
Project("{9A19103F-16F7-4668-BE54-9A1E7A4F7556}") = "Day6", "Day6\Day6.csproj", "{921D13FB-58D9-474B-A8D1-D40C8D2D25AE}"
EndProject
Project("{9A19103F-16F7-4668-BE54-9A1E7A4F7556}") = "Day7", "Day7\Day7.csproj", "{5EEBC849-64EC-4BDD-9E8B-051B42C6CE4A}"
EndProject
Project("{9A19103F-16F7-4668-BE54-9A1E7A4F7556}") = "Day8", "Day8\Day8.csproj", "{6D7C8320-BA3A-4DEF-839E-1FB9CFEEFDA2}"
EndProject
Project("{9A19103F-16F7-4668-BE54-9A1E7A4F7556}") = "Day9", "Day9\Day9.csproj", "{FDE378BD-F9AF-406E-A3B0-991510C6EBA3}"
EndProject
Project("{9A19103F-16F7-4668-BE54-9A1E7A4F7556}") = "Day10", "Day10\Day10.csproj", "{39102489-893A-4261-AFCD-50723D9224FB}"
EndProject
Project("{9A19103F-16F7-4668-BE54-9A1E7A4F7556}") = "Day11", "Day11\Day11.csproj", "{1D687133-D6EC-4DFF-8C23-68E8A9D092FA}"
EndProject
Project("{FAE04EC0-301F-11D3-BF4B-00C04F79EFBC}") = "Day12", "Day12\Day12.csproj", "{B2BAD081-2198-42F4-AD27-838C5561E06B}"
EndProject
Global
	GlobalSection(SolutionConfigurationPlatforms) = preSolution
		Debug|Any CPU = Debug|Any CPU
		Release|Any CPU = Release|Any CPU
	EndGlobalSection
	GlobalSection(ProjectConfigurationPlatforms) = postSolution
		{6E7378CB-88AC-484F-9697-737A1BA66652}.Debug|Any CPU.ActiveCfg = Debug|Any CPU
		{6E7378CB-88AC-484F-9697-737A1BA66652}.Debug|Any CPU.Build.0 = Debug|Any CPU
		{6E7378CB-88AC-484F-9697-737A1BA66652}.Release|Any CPU.ActiveCfg = Release|Any CPU
		{6E7378CB-88AC-484F-9697-737A1BA66652}.Release|Any CPU.Build.0 = Release|Any CPU
		{7053A86D-0264-46DC-A243-5E69864140ED}.Debug|Any CPU.ActiveCfg = Debug|Any CPU
		{7053A86D-0264-46DC-A243-5E69864140ED}.Debug|Any CPU.Build.0 = Debug|Any CPU
		{7053A86D-0264-46DC-A243-5E69864140ED}.Release|Any CPU.ActiveCfg = Release|Any CPU
		{7053A86D-0264-46DC-A243-5E69864140ED}.Release|Any CPU.Build.0 = Release|Any CPU
		{76558145-2032-4810-8C08-E17E52C39D26}.Debug|Any CPU.ActiveCfg = Debug|Any CPU
		{76558145-2032-4810-8C08-E17E52C39D26}.Debug|Any CPU.Build.0 = Debug|Any CPU
		{76558145-2032-4810-8C08-E17E52C39D26}.Release|Any CPU.ActiveCfg = Release|Any CPU
		{76558145-2032-4810-8C08-E17E52C39D26}.Release|Any CPU.Build.0 = Release|Any CPU
		{3806FF89-9447-4235-BFA7-4282D040B919}.Debug|Any CPU.ActiveCfg = Debug|Any CPU
		{3806FF89-9447-4235-BFA7-4282D040B919}.Debug|Any CPU.Build.0 = Debug|Any CPU
		{3806FF89-9447-4235-BFA7-4282D040B919}.Release|Any CPU.ActiveCfg = Release|Any CPU
		{3806FF89-9447-4235-BFA7-4282D040B919}.Release|Any CPU.Build.0 = Release|Any CPU
		{BF13D7AE-0F9D-45AC-B034-A1EFEF6DEAF7}.Debug|Any CPU.ActiveCfg = Debug|Any CPU
		{BF13D7AE-0F9D-45AC-B034-A1EFEF6DEAF7}.Debug|Any CPU.Build.0 = Debug|Any CPU
		{BF13D7AE-0F9D-45AC-B034-A1EFEF6DEAF7}.Release|Any CPU.ActiveCfg = Release|Any CPU
		{BF13D7AE-0F9D-45AC-B034-A1EFEF6DEAF7}.Release|Any CPU.Build.0 = Release|Any CPU
		{373C8162-64F8-4E50-A48E-46D54C3C3CBC}.Debug|Any CPU.ActiveCfg = Debug|Any CPU
		{373C8162-64F8-4E50-A48E-46D54C3C3CBC}.Debug|Any CPU.Build.0 = Debug|Any CPU
		{373C8162-64F8-4E50-A48E-46D54C3C3CBC}.Release|Any CPU.ActiveCfg = Release|Any CPU
		{373C8162-64F8-4E50-A48E-46D54C3C3CBC}.Release|Any CPU.Build.0 = Release|Any CPU
		{921D13FB-58D9-474B-A8D1-D40C8D2D25AE}.Debug|Any CPU.ActiveCfg = Debug|Any CPU
		{921D13FB-58D9-474B-A8D1-D40C8D2D25AE}.Debug|Any CPU.Build.0 = Debug|Any CPU
		{921D13FB-58D9-474B-A8D1-D40C8D2D25AE}.Release|Any CPU.ActiveCfg = Release|Any CPU
		{921D13FB-58D9-474B-A8D1-D40C8D2D25AE}.Release|Any CPU.Build.0 = Release|Any CPU
		{5EEBC849-64EC-4BDD-9E8B-051B42C6CE4A}.Debug|Any CPU.ActiveCfg = Debug|Any CPU
		{5EEBC849-64EC-4BDD-9E8B-051B42C6CE4A}.Debug|Any CPU.Build.0 = Debug|Any CPU
		{5EEBC849-64EC-4BDD-9E8B-051B42C6CE4A}.Release|Any CPU.ActiveCfg = Release|Any CPU
		{5EEBC849-64EC-4BDD-9E8B-051B42C6CE4A}.Release|Any CPU.Build.0 = Release|Any CPU
		{6D7C8320-BA3A-4DEF-839E-1FB9CFEEFDA2}.Debug|Any CPU.ActiveCfg = Debug|Any CPU
		{6D7C8320-BA3A-4DEF-839E-1FB9CFEEFDA2}.Debug|Any CPU.Build.0 = Debug|Any CPU
		{6D7C8320-BA3A-4DEF-839E-1FB9CFEEFDA2}.Release|Any CPU.ActiveCfg = Release|Any CPU
		{6D7C8320-BA3A-4DEF-839E-1FB9CFEEFDA2}.Release|Any CPU.Build.0 = Release|Any CPU
		{FDE378BD-F9AF-406E-A3B0-991510C6EBA3}.Debug|Any CPU.ActiveCfg = Debug|Any CPU
		{FDE378BD-F9AF-406E-A3B0-991510C6EBA3}.Debug|Any CPU.Build.0 = Debug|Any CPU
		{FDE378BD-F9AF-406E-A3B0-991510C6EBA3}.Release|Any CPU.ActiveCfg = Release|Any CPU
		{FDE378BD-F9AF-406E-A3B0-991510C6EBA3}.Release|Any CPU.Build.0 = Release|Any CPU
		{39102489-893A-4261-AFCD-50723D9224FB}.Debug|Any CPU.ActiveCfg = Debug|Any CPU
		{39102489-893A-4261-AFCD-50723D9224FB}.Debug|Any CPU.Build.0 = Debug|Any CPU
		{39102489-893A-4261-AFCD-50723D9224FB}.Release|Any CPU.ActiveCfg = Release|Any CPU
		{39102489-893A-4261-AFCD-50723D9224FB}.Release|Any CPU.Build.0 = Release|Any CPU
		{1D687133-D6EC-4DFF-8C23-68E8A9D092FA}.Debug|Any CPU.ActiveCfg = Debug|Any CPU
		{1D687133-D6EC-4DFF-8C23-68E8A9D092FA}.Debug|Any CPU.Build.0 = Debug|Any CPU
		{1D687133-D6EC-4DFF-8C23-68E8A9D092FA}.Release|Any CPU.ActiveCfg = Release|Any CPU
		{1D687133-D6EC-4DFF-8C23-68E8A9D092FA}.Release|Any CPU.Build.0 = Release|Any CPU
		{B2BAD081-2198-42F4-AD27-838C5561E06B}.Debug|Any CPU.ActiveCfg = Debug|Any CPU
		{B2BAD081-2198-42F4-AD27-838C5561E06B}.Debug|Any CPU.Build.0 = Debug|Any CPU
		{B2BAD081-2198-42F4-AD27-838C5561E06B}.Release|Any CPU.ActiveCfg = Release|Any CPU
		{B2BAD081-2198-42F4-AD27-838C5561E06B}.Release|Any CPU.Build.0 = Release|Any CPU
	EndGlobalSection
	GlobalSection(SolutionProperties) = preSolution
		HideSolutionNode = FALSE
	EndGlobalSection
	GlobalSection(NestedProjects) = preSolution
		{6E7378CB-88AC-484F-9697-737A1BA66652} = {39283325-E449-4F83-87E0-2BE3F89D3B75}
		{7053A86D-0264-46DC-A243-5E69864140ED} = {39283325-E449-4F83-87E0-2BE3F89D3B75}
		{76558145-2032-4810-8C08-E17E52C39D26} = {39283325-E449-4F83-87E0-2BE3F89D3B75}
		{3806FF89-9447-4235-BFA7-4282D040B919} = {39283325-E449-4F83-87E0-2BE3F89D3B75}
		{BF13D7AE-0F9D-45AC-B034-A1EFEF6DEAF7} = {39283325-E449-4F83-87E0-2BE3F89D3B75}
		{373C8162-64F8-4E50-A48E-46D54C3C3CBC} = {39283325-E449-4F83-87E0-2BE3F89D3B75}
		{921D13FB-58D9-474B-A8D1-D40C8D2D25AE} = {39283325-E449-4F83-87E0-2BE3F89D3B75}
		{5EEBC849-64EC-4BDD-9E8B-051B42C6CE4A} = {39283325-E449-4F83-87E0-2BE3F89D3B75}
		{6D7C8320-BA3A-4DEF-839E-1FB9CFEEFDA2} = {39283325-E449-4F83-87E0-2BE3F89D3B75}
		{FDE378BD-F9AF-406E-A3B0-991510C6EBA3} = {39283325-E449-4F83-87E0-2BE3F89D3B75}
		{39102489-893A-4261-AFCD-50723D9224FB} = {39283325-E449-4F83-87E0-2BE3F89D3B75}
		{1D687133-D6EC-4DFF-8C23-68E8A9D092FA} = {39283325-E449-4F83-87E0-2BE3F89D3B75}
		{B2BAD081-2198-42F4-AD27-838C5561E06B} = {39283325-E449-4F83-87E0-2BE3F89D3B75}
	EndGlobalSection
	GlobalSection(ExtensibilityGlobals) = postSolution
		SolutionGuid = {607AAF64-DE4C-43BE-99A6-23B354AE265E}
	EndGlobalSection
EndGlobal
